// !$*UTF8*$!
{
	archiveVersion = 1;
	classes = {
	};
	objectVersion = 56;
	objects = {

/* Begin PBXBuildFile section */
		A10000010000000000000001 /* CutApp.swift in Sources */ = {isa = PBXBuildFile; fileRef = A20000010000000000000001; };
		A10000010000000000000002 /* ContentView.swift in Sources */ = {isa = PBXBuildFile; fileRef = A20000010000000000000002; };
		A10000010000000000000003 /* VRViewContainer.swift in Sources */ = {isa = PBXBuildFile; fileRef = A20000010000000000000003; };
		A10000010000000000000005 /* ARKit.framework in Frameworks */ = {isa = PBXBuildFile; fileRef = A20000010000000000000006 /* ARKit.framework */; };
		A10000010000000000000006 /* RealityKit.framework in Frameworks */ = {isa = PBXBuildFile; fileRef = A20000010000000000000007 /* RealityKit.framework */; };
		A10000010000000000000007 /* RealityKitRenderer.framework in Frameworks */ = {isa = PBXBuildFile; fileRef = A20000010000000000000008 /* RealityKitRenderer.framework */; };
/* End PBXBuildFile section */

/* Begin PBXFileReference section */
		A20000010000000000000001 /* CutApp.swift */ = {isa = PBXFileReference; lastKnownFileType = sourcecode.swift; path = CutApp.swift; sourceTree = "<group>"; };
		A20000010000000000000002 /* ContentView.swift */ = {isa = PBXFileReference; lastKnownFileType = sourcecode.swift; path = ContentView.swift; sourceTree = "<group>"; };
		A20000010000000000000003 /* VRViewContainer.swift */ = {isa = PBXFileReference; lastKnownFileType = sourcecode.swift; path = VRViewContainer.swift; sourceTree = "<group>"; };
		A20000010000000000000005 /* Cut.app */ = {isa = PBXFileReference; explicitFileType = wrapper.application; includeInIndex = 0; path = Cut.app; sourceTree = BUILT_PRODUCTS_DIR; };
		A20000010000000000000006 /* ARKit.framework */ = {isa = PBXFileReference; lastKnownAttributes = { framework = 1; }; name = "ARKit.framework"; path = System/Library/Frameworks/ARKit.framework; sourceTree = "<group>"; };
		A20000010000000000000007 /* RealityKit.framework */ = {isa = PBXFileReference; lastKnownAttributes = { framework = 1; }; name = "RealityKit.framework"; path = System/Library/Frameworks/RealityKit.framework; sourceTree = "<group>"; };
		A20000010000000000000008 /* RealityKitRenderer.framework */ = {isa = PBXFileReference; lastKnownAttributes = { framework = 1; }; name = "RealityKitRenderer.framework"; path = System/Library/PrivateFrameworks/RealityKitRenderer.framework; sourceTree = "<group>"; };
/* End PBXFileReference section */

/* Begin PBXFrameworksBuildPhase section */
		A30000010000000000000001 /* Frameworks */ = {
			isa = PBXFrameworksBuildPhase;
			buildActionMask = 2147483647;
			files = (
				A10000010000000000000005 /* ARKit.framework in Frameworks */,
				A10000010000000000000006 /* RealityKit.framework in Frameworks */,
				A10000010000000000000007 /* RealityKitRenderer.framework in Frameworks */,
			);
			runOnlyForDeploymentPostprocessing = 0;
		};
/* End PBXFrameworksBuildPhase section */

/* Begin PBXGroup section */
		A40000010000000000000001 = {
			isa = PBXGroup;
			children = (
				A40000010000000000000002 /* Cut */,
				A40000010000000000000003 /* Products */,
			);
			sourceTree = "<group>";
		};
		A40000010000000000000002 /* Cut */ = {
			isa = PBXGroup;
			children = (
				A20000010000000000000001 /* CutApp.swift */,
				A20000010000000000000002 /* ContentView.swift */,
				A20000010000000000000003 /* VRViewContainer.swift */,
				A40000010000000000000004 /* Info.plist */,
				A40000010000000000000005 /* Assets.xcassets */,
			);
			path = Cut;
			sourceTree = "<group>";
		};
		A40000010000000000000003 /* Products */ = {
			isa = PBXGroup;
			children = (
				A20000010000000000000005 /* Cut.app */,
			);
			name = Products;
			sourceTree = "<group>";
		};
		A40000010000000000000004 /* Info.plist */ = {isa = PBXFileReference; lastKnownFileType = text.plist.xml; path = Info.plist; sourceTree = "<group>"; };
		A40000010000000000000005 /* Assets.xcassets */ = {isa = PBXFileReference; lastKnownFileType = folder.assetcatalog; path = Assets.xcassets; sourceTree = "<group>"; };
/* End PBXGroup section */

/* Begin PBXNativeTarget section */
		A50000010000000000000001 /* Cut */ = {
			isa = PBXNativeTarget;
			buildConfigurationList = A70000010000000000000001 /* Build configuration list for PBXNativeTarget "Cut" */;
			buildPhases = (
				A60000010000000000000001 /* Sources */,
				A30000010000000000000001 /* Frameworks */,
				A60000010000000000000002 /* Resources */,
			);
			dependencies = (
			);
			name = Cut;
			productName = Cut;
			productReference = A20000010000000000000005 /* Cut.app */;
			productType = "com.apple.product-type.application";
		};
/* End PBXNativeTarget section */

/* Begin PBXProject section */
		A80000010000000000000001 /* Project object */ = {
			isa = PBXProject;
			attributes = {
				BuildIndependentTargetsInParallel = 1;
				LastSwiftUpdateCheck = 1500;
				LastUpgradeCheck = 1500;
				TargetAttributes = {
					A50000010000000000000001 = {
						CreatedOnToolsVersion = 15.0;
					};
				};
			};
			buildConfigurationList = A70000010000000000000003 /* Build configuration list for PBXProject "Cut" */;
			compatibilityVersion = "Xcode 14.0";
			developmentRegion = en;
			hasScannedForEncodings = 0;
			knownRegions = (
				en,
				Base,
			);
			mainGroup = A40000010000000000000001;
			productRefGroup = A40000010000000000000003 /* Products */;
			projectDirPath = ".";
			projectRoot = ".";
			targets = (
				A50000010000000000000001 /* Cut */,
			);
		};
/* End PBXProject section */

/* Begin PBXResourcesBuildPhase section */
		A60000010000000000000002 /* Resources */ = {
			isa = PBXResourcesBuildPhase;
			buildActionMask = 2147483647;
			files = (
			);
			runOnlyForDeploymentPostprocessing = 0;
		};
/* End PBXResourcesBuildPhase section */

/* Begin PBXSourcesBuildPhase section */
		A60000010000000000000001 /* Sources */ = {
			isa = PBXSourcesBuildPhase;
			buildActionMask = 2147483647;
			files = (
				A10000010000000000000001 /* CutApp.swift in Sources */,
				A10000010000000000000002 /* ContentView.swift in Sources */,
				A10000010000000000000003 /* VRViewContainer.swift in Sources */,
			);
			runOnlyForDeploymentPostprocessing = 0;
		};
/* End PBXSourcesBuildPhase section */

/* Begin XCBuildConfiguration section */
		A90000010000000000000001 /* Debug */ = {
			isa = XCBuildConfiguration;
			buildSettings = {
				ALWAYS_SEARCH_USER_PATHS = NO;
				ASSETCATALOG_COMPILER_GENERATE_SWIFT_ASSET_SYMBOL_EXTENSIONS = YES;
				CLANG_ANALYZER_NONNULL = YES;
				CLANG_CXX_LANGUAGE_STANDARD = "gnu++20";
				CLANG_ENABLE_MODULES = YES;
				CLANG_ENABLE_OBJC_ARC = YES;
				COPY_PHASE_STRIP = NO;
				DEBUG_INFORMATION_FORMAT = dwarf;
				ENABLE_STRICT_OBJC_MSGSEND = YES;
				ENABLE_TESTABILITY = YES;
				GCC_DYNAMIC_NO_PIC = NO;
				GCC_OPTIMIZATION_LEVEL = 0;
				GCC_PREPROCESSOR_DEFINITIONS = (
					"DEBUG=1",
					"$(inherited)",
				);
				GCC_WARN_ABOUT_RETURN_TYPE = YES_ERROR;
				GCC_WARN_UNINITIALIZED_AUTOS = YES_AGGRESSIVE;
				METAINFO_PLIST_APPLICATION_ID = "com.cut.app";
				METAINFO_PLIST_PRODUCT_NAME = "$(TARGET_NAME)";
				MTL_ENABLE_DEBUG_INFO = INCLUDE_SOURCE;
				MTL_FAST_MATH = YES;
				ONLY_ACTIVE_ARCH = YES;
				SDKROOT = iphoneos;
				SWIFT_ACTIVE_COMPILATION_CONDITIONS = "DEBUG $(inherited)";
				SWIFT_OPTIMIZATION_LEVEL = "-Onone";
			};
			name = Debug;
		};
		A90000010000000000000002 /* Release */ = {
			isa = XCBuildConfiguration;
			buildSettings = {
				ALWAYS_SEARCH_USER_PATHS = NO;
				ASSETCATALOG_COMPILER_GENERATE_SWIFT_ASSET_SYMBOL_EXTENSIONS = YES;
				CLANG_ANALYZER_NONNULL = YES;
				CLANG_CXX_LANGUAGE_STANDARD = "gnu++20";
				CLANG_ENABLE_MODULES = YES;
				CLANG_ENABLE_OBJC_ARC = YES;
				COPY_PHASE_STRIP = NO;
				DEBUG_INFORMATION_FORMAT = "dwarf-with-dsym";
				ENABLE_NS_ASSERTIONS = NO;
				ENABLE_STRICT_OBJC_MSGSEND = YES;
				GCC_WARN_ABOUT_RETURN_TYPE = YES_ERROR;
				GCC_WARN_UNINITIALIZED_AUTOS = YES_AGGRESSIVE;
				METAINFO_PLIST_APPLICATION_ID = "com.cut.app";
				METAINFO_PLIST_PRODUCT_NAME = "$(TARGET_NAME)";
				MTL_ENABLE_DEBUG_INFO = NO;
				MTL_FAST_MATH = YES;
				SDKROOT = iphoneos;
				SWIFT_COMPILATION_MODE = wholemodule;
			};
			name = Release;
		};
		A90000010000000000000003 /* Debug */ = {
			isa = XCBuildConfiguration;
			buildSettings = {
				ASSETCATALOG_COMPILER_APPICON_NAME = AppIcon;
				CODE_SIGN_STYLE = Automatic;
				CURRENT_PROJECT_VERSION = 1;
				DEVELOPMENT_TEAM = "";
				GENERATE_INFOPLIST_FILE = YES;
				INFOPLIST_KEY_CFBundleDisplayName = "Cut";
				INFOPLIST_KEY_LSApplicationCategoryType = "public.app-category.entertainment";
				INFOPLIST_KEY_UIApplicationSceneManifest_Generation = YES;
				INFOPLIST_KEY_UIApplicationSupportsIndirectInputEvents = YES;
				INFOPLIST_KEY_UILaunchScreen_Generation = YES;
				INFOPLIST_KEY_UISupportedInterfaceOrientations_iPad = "UIInterfaceOrientationPortrait UIInterfaceOrientationPortraitUpsideDown UIInterfaceOrientationLandscapeLeft UIInterfaceOrientationLandscapeRight";
				INFOPLIST_KEY_UISupportedInterfaceOrientations_iPhone = "UIInterfaceOrientationPortrait UIInterfaceOrientationLandscapeLeft UIInterfaceOrientationLandscapeRight";
				MARKETING_VERSION = 1.0;
				PRODUCT_BUNDLE_IDENTIFIER = com.cut.app;
				PRODUCT_NAME = "$(TARGET_NAME)";
				SUPPORTED_PLATFORMS = "iphoneos iphonesimulator";
				SUPPORTS_MACCATALYST = NO;
				SWIFT_EMIT_LOC_STRINGS = YES;
				SWIFT_VERSION = 5.0;
				TARGETED_DEVICE_FAMILY = "1,2";
			};
			name = Debug;
		};
		A90000010000000000000004 /* Release */ = {
			isa = XCBuildConfiguration;
			buildSettings = {
				ASSETCATALOG_COMPILER_APPICON_NAME = AppIcon;
				CODE_SIGN_STYLE = Automatic;
				CURRENT_PROJECT_VERSION = 1;
				DEVELOPMENT_TEAM = "";
				GENERATE_INFOPLIST_FILE = YES;
				INFOPLIST_KEY_CFBundleDisplayName = "Cut";
				INFOPLIST_KEY_LSApplicationCategoryType = "public.app-category.entertainment";
				INFOPLIST_KEY_UIApplicationSceneManifest_Generation = YES;
				INFOPLIST_KEY_UIApplicationSupportsIndirectInputEvents = YES;
				INFOPLIST_KEY_UILaunchScreen_Generation = YES;
				INFOPLIST_KEY_UISupportedInterfaceOrientations_iPad = "UIInterfaceOrientationPortrait UIInterfaceOrientationPortraitUpsideDown UIInterfaceOrientationLandscapeLeft UIInterfaceOrientationLandscapeRight";
				INFOPLIST_KEY_UISupportedInterfaceOrientations_iPhone = "UIInterfaceOrientationPortrait UIInterfaceOrientationLandscapeLeft UIInterfaceOrientationLandscapeRight";
				MARKETING_VERSION = 1.0;
				PRODUCT_BUNDLE_IDENTIFIER = com.cut.app;
				PRODUCT_NAME = "$(TARGET_NAME)";
				SUPPORTED_PLATFORMS = "iphoneos iphonesimulator";
				SUPPORTS_MACCATALYST = NO;
				SWIFT_EMIT_LOC_STRINGS = YES;
				SWIFT_VERSION = 5.0;
				TARGETED_DEVICE_FAMILY = "1,2";
			};
			name = Release;
		};
/* End XCBuildConfiguration section */

/* Begin XCConfigurationList section */
		A70000010000000000000001 /* Build configuration list for PBXNativeTarget "Cut" */ = {
			isa = XCConfigurationList;
			buildConfigurations = (
				A90000010000000000000003 /* Debug */,
				A90000010000000000000004 /* Release */,
			);
			defaultConfigurationIsVisible = 0;
			defaultConfigurationName = Release;
		};
		A70000010000000000000003 /* Build configuration list for PBXProject "Cut" */ = {
			isa = XCConfigurationList;
			buildConfigurations = (
				A90000010000000000000001 /* Debug */,
				A90000010000000000000002 /* Release */,
			);
			defaultConfigurationIsVisible = 0;
			defaultConfigurationName = Release;
		};
/* End XCConfigurationList section */

	};
	rootObject = A80000010000000000000001 /* Project object */;
}
